// !$*UTF8*$!
{
	archiveVersion = 1;
	classes = {
	};
	objectVersion = 55;
	objects = {

/* Begin PBXBuildFile section */
		C80BC8D6280F555F005A0BCA /* AppDelegate.swift in Sources */ = {isa = PBXBuildFile; fileRef = C80BC8D5280F555F005A0BCA /* AppDelegate.swift */; };
		C80BC8D8280F555F005A0BCA /* SceneDelegate.swift in Sources */ = {isa = PBXBuildFile; fileRef = C80BC8D7280F555F005A0BCA /* SceneDelegate.swift */; };
		C80BC8DA280F555F005A0BCA /* MoviesViewController.swift in Sources */ = {isa = PBXBuildFile; fileRef = C80BC8D9280F555F005A0BCA /* MoviesViewController.swift */; };
		C80BC8DF280F5563005A0BCA /* Assets.xcassets in Resources */ = {isa = PBXBuildFile; fileRef = C80BC8DE280F5563005A0BCA /* Assets.xcassets */; };
		C80BC8E2280F5563005A0BCA /* LaunchScreen.storyboard in Resources */ = {isa = PBXBuildFile; fileRef = C80BC8E0280F5563005A0BCA /* LaunchScreen.storyboard */; };
		C80BC8ED280F5563005A0BCA /* FetchServiceTests.swift in Sources */ = {isa = PBXBuildFile; fileRef = C80BC8EC280F5563005A0BCA /* FetchServiceTests.swift */; };
		C80BC8F7280F5563005A0BCA /* MoviesUITests.swift in Sources */ = {isa = PBXBuildFile; fileRef = C80BC8F6280F5563005A0BCA /* MoviesUITests.swift */; };
		C80BC8F9280F5563005A0BCA /* MoviesUITestsLaunchTests.swift in Sources */ = {isa = PBXBuildFile; fileRef = C80BC8F8280F5563005A0BCA /* MoviesUITestsLaunchTests.swift */; };
		C80BC906280F567C005A0BCA /* MovieDetailViewContoller.swift in Sources */ = {isa = PBXBuildFile; fileRef = C80BC905280F567C005A0BCA /* MovieDetailViewContoller.swift */; };
		C80BC90B280F5A71005A0BCA /* MoviesViewControllerBuilder.swift in Sources */ = {isa = PBXBuildFile; fileRef = C80BC90A280F5A71005A0BCA /* MoviesViewControllerBuilder.swift */; };
		C80BC90E280F5B56005A0BCA /* Building.swift in Sources */ = {isa = PBXBuildFile; fileRef = C80BC90D280F5B56005A0BCA /* Building.swift */; };
		C80BC911280F5C2D005A0BCA /* MoviesViewModel.swift in Sources */ = {isa = PBXBuildFile; fileRef = C80BC910280F5C2D005A0BCA /* MoviesViewModel.swift */; };
		C80BC913280F638F005A0BCA /* MoviesViewModellable.swift in Sources */ = {isa = PBXBuildFile; fileRef = C80BC912280F638F005A0BCA /* MoviesViewModellable.swift */; };
		C80BC916280F65AA005A0BCA /* FetchService.swift in Sources */ = {isa = PBXBuildFile; fileRef = C80BC915280F65AA005A0BCA /* FetchService.swift */; };
		C80BC91D280F66BA005A0BCA /* NetworkSession.swift in Sources */ = {isa = PBXBuildFile; fileRef = C80BC91C280F66BA005A0BCA /* NetworkSession.swift */; };
		C80BC921280F6798005A0BCA /* MoviesCollectionViewController.swift in Sources */ = {isa = PBXBuildFile; fileRef = C80BC920280F6798005A0BCA /* MoviesCollectionViewController.swift */; };
		C80BC92B28109367005A0BCA /* Service.swift in Sources */ = {isa = PBXBuildFile; fileRef = C80BC92A28109367005A0BCA /* Service.swift */; };
		C80BC92D28109AB4005A0BCA /* MapperService.swift in Sources */ = {isa = PBXBuildFile; fileRef = C80BC92C28109AB4005A0BCA /* MapperService.swift */; };
		C80BC92F28109DCC005A0BCA /* MovieItem.swift in Sources */ = {isa = PBXBuildFile; fileRef = C80BC92E28109DCC005A0BCA /* MovieItem.swift */; };
		C80BC9312810BA10005A0BCA /* MovieViewModel.swift in Sources */ = {isa = PBXBuildFile; fileRef = C80BC9302810BA10005A0BCA /* MovieViewModel.swift */; };
		C80BC93A281128B0005A0BCA /* FavoriteItem.swift in Sources */ = {isa = PBXBuildFile; fileRef = C80BC939281128B0005A0BCA /* FavoriteItem.swift */; };
		C80BC93E28112B3D005A0BCA /* MoviesAPI.swift in Sources */ = {isa = PBXBuildFile; fileRef = C80BC93D28112B3D005A0BCA /* MoviesAPI.swift */; };
		C80BC94128112D64005A0BCA /* SettingManager.swift in Sources */ = {isa = PBXBuildFile; fileRef = C80BC94028112D64005A0BCA /* SettingManager.swift */; };
		C80BC94328112FD1005A0BCA /* Result.swift in Sources */ = {isa = PBXBuildFile; fileRef = C80BC94228112FD1005A0BCA /* Result.swift */; };
		C80BC97B28154A23005A0BCA /* MovieCollectionViewCell.swift in Sources */ = {isa = PBXBuildFile; fileRef = C80BC97A28154A23005A0BCA /* MovieCollectionViewCell.swift */; };
		C80BC97D28154A6D005A0BCA /* MoviesCollectionViewModel.swift in Sources */ = {isa = PBXBuildFile; fileRef = C80BC97C28154A6D005A0BCA /* MoviesCollectionViewModel.swift */; };
		C80BC980281564D0005A0BCA /* Sequence+Extension.swift in Sources */ = {isa = PBXBuildFile; fileRef = C80BC97F281564D0005A0BCA /* Sequence+Extension.swift */; };
		C80BC98228156749005A0BCA /* MoviesCollactionModellable.swift in Sources */ = {isa = PBXBuildFile; fileRef = C80BC98128156749005A0BCA /* MoviesCollactionModellable.swift */; };
		C80BC9842815730A005A0BCA /* ReusableIdentifer.swift in Sources */ = {isa = PBXBuildFile; fileRef = C80BC9832815730A005A0BCA /* ReusableIdentifer.swift */; };
		C83AD4F7281D9A87004C22CA /* MoviesModelUpdatable.swift in Sources */ = {isa = PBXBuildFile; fileRef = C83AD4F6281D9A87004C22CA /* MoviesModelUpdatable.swift */; };
		C83AD4F9281DDFF6004C22CA /* ContentMovie.swift in Sources */ = {isa = PBXBuildFile; fileRef = C83AD4F8281DDFF6004C22CA /* ContentMovie.swift */; };
		C83AD4FB281ED8F4004C22CA /* URLSessionProtocol.swift in Sources */ = {isa = PBXBuildFile; fileRef = C80BC926280FE0C6005A0BCA /* URLSessionProtocol.swift */; };
		C83AD4FC281EDA04004C22CA /* MockURLSession.swift in Sources */ = {isa = PBXBuildFile; fileRef = C80BC924280FDA1C005A0BCA /* MockURLSession.swift */; };
		C83AD505281EFA60004C22CA /* favorites.txt in Resources */ = {isa = PBXBuildFile; fileRef = C83AD503281EFA60004C22CA /* favorites.txt */; };
		C83AD506281EFA60004C22CA /* movies.list1.txt in Resources */ = {isa = PBXBuildFile; fileRef = C83AD504281EFA60004C22CA /* movies.list1.txt */; };
		C83AD509281F0CC6004C22CA /* movies.list5.txt in Resources */ = {isa = PBXBuildFile; fileRef = C83AD508281F0CC6004C22CA /* movies.list5.txt */; };
		C83AD50B281F1C79004C22CA /* movies.list6.txt in Resources */ = {isa = PBXBuildFile; fileRef = C83AD50A281F1C79004C22CA /* movies.list6.txt */; };
		C83AD50D281F1F23004C22CA /* MoviesViewModelTests.swift in Sources */ = {isa = PBXBuildFile; fileRef = C83AD50C281F1F23004C22CA /* MoviesViewModelTests.swift */; };
		C83AD50F281F278C004C22CA /* MoviesCollectionViewModelTests.swift in Sources */ = {isa = PBXBuildFile; fileRef = C83AD50E281F278C004C22CA /* MoviesCollectionViewModelTests.swift */; };
		C8DC273328157E5E000DC2E3 /* UICollectionViewCell+Extension.swift in Sources */ = {isa = PBXBuildFile; fileRef = C8DC273228157E5E000DC2E3 /* UICollectionViewCell+Extension.swift */; };
		C8DC273528157F7E000DC2E3 /* UICollectionView+Extension.swift in Sources */ = {isa = PBXBuildFile; fileRef = C8DC273428157F7E000DC2E3 /* UICollectionView+Extension.swift */; };
		C8DC273928158CC9000DC2E3 /* TitleSupplementaryView.swift in Sources */ = {isa = PBXBuildFile; fileRef = C8DC273828158CC9000DC2E3 /* TitleSupplementaryView.swift */; };
		C8DC273D2815C836000DC2E3 /* PosterInageView.swift in Sources */ = {isa = PBXBuildFile; fileRef = C8DC273C2815C836000DC2E3 /* PosterInageView.swift */; };
		C8DC273F2815E2C0000DC2E3 /* Router.swift in Sources */ = {isa = PBXBuildFile; fileRef = C8DC273E2815E2C0000DC2E3 /* Router.swift */; };
		C8DC27422815E303000DC2E3 /* MoviesCollectionRouter.swift in Sources */ = {isa = PBXBuildFile; fileRef = C8DC27412815E303000DC2E3 /* MoviesCollectionRouter.swift */; };
		C8DC27442815E89A000DC2E3 /* NextButton.swift in Sources */ = {isa = PBXBuildFile; fileRef = C8DC27432815E89A000DC2E3 /* NextButton.swift */; };
		C8DC27462815F90E000DC2E3 /* MoviesCollectionDelegate.swift in Sources */ = {isa = PBXBuildFile; fileRef = C8DC27452815F90E000DC2E3 /* MoviesCollectionDelegate.swift */; };
		C8DC274828160477000DC2E3 /* DetailControllerBuilder.swift in Sources */ = {isa = PBXBuildFile; fileRef = C8DC274728160477000DC2E3 /* DetailControllerBuilder.swift */; };
/* End PBXBuildFile section */

/* Begin PBXContainerItemProxy section */
		C80BC8E9280F5563005A0BCA /* PBXContainerItemProxy */ = {
			isa = PBXContainerItemProxy;
			containerPortal = C80BC8CA280F555F005A0BCA /* Project object */;
			proxyType = 1;
			remoteGlobalIDString = C80BC8D1280F555F005A0BCA;
			remoteInfo = Movies;
		};
		C80BC8F3280F5563005A0BCA /* PBXContainerItemProxy */ = {
			isa = PBXContainerItemProxy;
			containerPortal = C80BC8CA280F555F005A0BCA /* Project object */;
			proxyType = 1;
			remoteGlobalIDString = C80BC8D1280F555F005A0BCA;
			remoteInfo = Movies;
		};
/* End PBXContainerItemProxy section */

/* Begin PBXFileReference section */
		C80BC8D2280F555F005A0BCA /* Movies.app */ = {isa = PBXFileReference; explicitFileType = wrapper.application; includeInIndex = 0; path = Movies.app; sourceTree = BUILT_PRODUCTS_DIR; };
		C80BC8D5280F555F005A0BCA /* AppDelegate.swift */ = {isa = PBXFileReference; lastKnownFileType = sourcecode.swift; path = AppDelegate.swift; sourceTree = "<group>"; };
		C80BC8D7280F555F005A0BCA /* SceneDelegate.swift */ = {isa = PBXFileReference; lastKnownFileType = sourcecode.swift; path = SceneDelegate.swift; sourceTree = "<group>"; };
		C80BC8D9280F555F005A0BCA /* MoviesViewController.swift */ = {isa = PBXFileReference; lastKnownFileType = sourcecode.swift; path = MoviesViewController.swift; sourceTree = "<group>"; };
		C80BC8DE280F5563005A0BCA /* Assets.xcassets */ = {isa = PBXFileReference; lastKnownFileType = folder.assetcatalog; path = Assets.xcassets; sourceTree = "<group>"; };
		C80BC8E1280F5563005A0BCA /* Base */ = {isa = PBXFileReference; lastKnownFileType = file.storyboard; name = Base; path = Base.lproj/LaunchScreen.storyboard; sourceTree = "<group>"; };
		C80BC8E3280F5563005A0BCA /* Info.plist */ = {isa = PBXFileReference; lastKnownFileType = text.plist.xml; path = Info.plist; sourceTree = "<group>"; };
		C80BC8E8280F5563005A0BCA /* MoviesTests.xctest */ = {isa = PBXFileReference; explicitFileType = wrapper.cfbundle; includeInIndex = 0; path = MoviesTests.xctest; sourceTree = BUILT_PRODUCTS_DIR; };
		C80BC8EC280F5563005A0BCA /* FetchServiceTests.swift */ = {isa = PBXFileReference; lastKnownFileType = sourcecode.swift; path = FetchServiceTests.swift; sourceTree = "<group>"; };
		C80BC8F2280F5563005A0BCA /* MoviesUITests.xctest */ = {isa = PBXFileReference; explicitFileType = wrapper.cfbundle; includeInIndex = 0; path = MoviesUITests.xctest; sourceTree = BUILT_PRODUCTS_DIR; };
		C80BC8F6280F5563005A0BCA /* MoviesUITests.swift */ = {isa = PBXFileReference; lastKnownFileType = sourcecode.swift; path = MoviesUITests.swift; sourceTree = "<group>"; };
		C80BC8F8280F5563005A0BCA /* MoviesUITestsLaunchTests.swift */ = {isa = PBXFileReference; lastKnownFileType = sourcecode.swift; path = MoviesUITestsLaunchTests.swift; sourceTree = "<group>"; };
		C80BC905280F567C005A0BCA /* MovieDetailViewContoller.swift */ = {isa = PBXFileReference; lastKnownFileType = sourcecode.swift; path = MovieDetailViewContoller.swift; sourceTree = "<group>"; };
		C80BC90A280F5A71005A0BCA /* MoviesViewControllerBuilder.swift */ = {isa = PBXFileReference; lastKnownFileType = sourcecode.swift; path = MoviesViewControllerBuilder.swift; sourceTree = "<group>"; };
		C80BC90D280F5B56005A0BCA /* Building.swift */ = {isa = PBXFileReference; lastKnownFileType = sourcecode.swift; path = Building.swift; sourceTree = "<group>"; };
		C80BC910280F5C2D005A0BCA /* MoviesViewModel.swift */ = {isa = PBXFileReference; lastKnownFileType = sourcecode.swift; path = MoviesViewModel.swift; sourceTree = "<group>"; };
		C80BC912280F638F005A0BCA /* MoviesViewModellable.swift */ = {isa = PBXFileReference; lastKnownFileType = sourcecode.swift; path = MoviesViewModellable.swift; sourceTree = "<group>"; };
		C80BC915280F65AA005A0BCA /* FetchService.swift */ = {isa = PBXFileReference; lastKnownFileType = sourcecode.swift; path = FetchService.swift; sourceTree = "<group>"; };
		C80BC91C280F66BA005A0BCA /* NetworkSession.swift */ = {isa = PBXFileReference; lastKnownFileType = sourcecode.swift; path = NetworkSession.swift; sourceTree = "<group>"; };
		C80BC920280F6798005A0BCA /* MoviesCollectionViewController.swift */ = {isa = PBXFileReference; lastKnownFileType = sourcecode.swift; path = MoviesCollectionViewController.swift; sourceTree = "<group>"; };
		C80BC924280FDA1C005A0BCA /* MockURLSession.swift */ = {isa = PBXFileReference; lastKnownFileType = sourcecode.swift; path = MockURLSession.swift; sourceTree = "<group>"; };
		C80BC926280FE0C6005A0BCA /* URLSessionProtocol.swift */ = {isa = PBXFileReference; lastKnownFileType = sourcecode.swift; path = URLSessionProtocol.swift; sourceTree = "<group>"; };
		C80BC92A28109367005A0BCA /* Service.swift */ = {isa = PBXFileReference; lastKnownFileType = sourcecode.swift; path = Service.swift; sourceTree = "<group>"; };
		C80BC92C28109AB4005A0BCA /* MapperService.swift */ = {isa = PBXFileReference; lastKnownFileType = sourcecode.swift; path = MapperService.swift; sourceTree = "<group>"; };
		C80BC92E28109DCC005A0BCA /* MovieItem.swift */ = {isa = PBXFileReference; lastKnownFileType = sourcecode.swift; path = MovieItem.swift; sourceTree = "<group>"; };
		C80BC9302810BA10005A0BCA /* MovieViewModel.swift */ = {isa = PBXFileReference; lastKnownFileType = sourcecode.swift; path = MovieViewModel.swift; sourceTree = "<group>"; };
		C80BC939281128B0005A0BCA /* FavoriteItem.swift */ = {isa = PBXFileReference; lastKnownFileType = sourcecode.swift; path = FavoriteItem.swift; sourceTree = "<group>"; };
		C80BC93D28112B3D005A0BCA /* MoviesAPI.swift */ = {isa = PBXFileReference; lastKnownFileType = sourcecode.swift; path = MoviesAPI.swift; sourceTree = "<group>"; };
		C80BC94028112D64005A0BCA /* SettingManager.swift */ = {isa = PBXFileReference; lastKnownFileType = sourcecode.swift; path = SettingManager.swift; sourceTree = "<group>"; };
		C80BC94228112FD1005A0BCA /* Result.swift */ = {isa = PBXFileReference; lastKnownFileType = sourcecode.swift; path = Result.swift; sourceTree = "<group>"; };
		C80BC97A28154A23005A0BCA /* MovieCollectionViewCell.swift */ = {isa = PBXFileReference; lastKnownFileType = sourcecode.swift; path = MovieCollectionViewCell.swift; sourceTree = "<group>"; };
		C80BC97C28154A6D005A0BCA /* MoviesCollectionViewModel.swift */ = {isa = PBXFileReference; lastKnownFileType = sourcecode.swift; path = MoviesCollectionViewModel.swift; sourceTree = "<group>"; };
		C80BC97F281564D0005A0BCA /* Sequence+Extension.swift */ = {isa = PBXFileReference; lastKnownFileType = sourcecode.swift; path = "Sequence+Extension.swift"; sourceTree = "<group>"; };
		C80BC98128156749005A0BCA /* MoviesCollactionModellable.swift */ = {isa = PBXFileReference; lastKnownFileType = sourcecode.swift; path = MoviesCollactionModellable.swift; sourceTree = "<group>"; };
		C80BC9832815730A005A0BCA /* ReusableIdentifer.swift */ = {isa = PBXFileReference; lastKnownFileType = sourcecode.swift; path = ReusableIdentifer.swift; sourceTree = "<group>"; };
		C83AD4F6281D9A87004C22CA /* MoviesModelUpdatable.swift */ = {isa = PBXFileReference; lastKnownFileType = sourcecode.swift; path = MoviesModelUpdatable.swift; sourceTree = "<group>"; };
		C83AD4F8281DDFF6004C22CA /* ContentMovie.swift */ = {isa = PBXFileReference; lastKnownFileType = sourcecode.swift; path = ContentMovie.swift; sourceTree = "<group>"; };
		C83AD503281EFA60004C22CA /* favorites.txt */ = {isa = PBXFileReference; fileEncoding = 4; lastKnownFileType = text; path = favorites.txt; sourceTree = "<group>"; };
		C83AD504281EFA60004C22CA /* movies.list1.txt */ = {isa = PBXFileReference; fileEncoding = 4; lastKnownFileType = text; path = movies.list1.txt; sourceTree = "<group>"; };
		C83AD508281F0CC6004C22CA /* movies.list5.txt */ = {isa = PBXFileReference; fileEncoding = 4; lastKnownFileType = text; path = movies.list5.txt; sourceTree = "<group>"; };
		C83AD50A281F1C79004C22CA /* movies.list6.txt */ = {isa = PBXFileReference; fileEncoding = 4; lastKnownFileType = text; path = movies.list6.txt; sourceTree = "<group>"; };
		C83AD50C281F1F23004C22CA /* MoviesViewModelTests.swift */ = {isa = PBXFileReference; lastKnownFileType = sourcecode.swift; path = MoviesViewModelTests.swift; sourceTree = "<group>"; };
		C83AD50E281F278C004C22CA /* MoviesCollectionViewModelTests.swift */ = {isa = PBXFileReference; lastKnownFileType = sourcecode.swift; path = MoviesCollectionViewModelTests.swift; sourceTree = "<group>"; };
		C8DC273228157E5E000DC2E3 /* UICollectionViewCell+Extension.swift */ = {isa = PBXFileReference; lastKnownFileType = sourcecode.swift; path = "UICollectionViewCell+Extension.swift"; sourceTree = "<group>"; };
		C8DC273428157F7E000DC2E3 /* UICollectionView+Extension.swift */ = {isa = PBXFileReference; lastKnownFileType = sourcecode.swift; path = "UICollectionView+Extension.swift"; sourceTree = "<group>"; };
		C8DC273828158CC9000DC2E3 /* TitleSupplementaryView.swift */ = {isa = PBXFileReference; lastKnownFileType = sourcecode.swift; path = TitleSupplementaryView.swift; sourceTree = "<group>"; };
		C8DC273C2815C836000DC2E3 /* PosterInageView.swift */ = {isa = PBXFileReference; lastKnownFileType = sourcecode.swift; path = PosterInageView.swift; sourceTree = "<group>"; };
		C8DC273E2815E2C0000DC2E3 /* Router.swift */ = {isa = PBXFileReference; lastKnownFileType = sourcecode.swift; path = Router.swift; sourceTree = "<group>"; };
		C8DC27412815E303000DC2E3 /* MoviesCollectionRouter.swift */ = {isa = PBXFileReference; lastKnownFileType = sourcecode.swift; path = MoviesCollectionRouter.swift; sourceTree = "<group>"; };
		C8DC27432815E89A000DC2E3 /* NextButton.swift */ = {isa = PBXFileReference; lastKnownFileType = sourcecode.swift; path = NextButton.swift; sourceTree = "<group>"; };
		C8DC27452815F90E000DC2E3 /* MoviesCollectionDelegate.swift */ = {isa = PBXFileReference; lastKnownFileType = sourcecode.swift; path = MoviesCollectionDelegate.swift; sourceTree = "<group>"; };
		C8DC274728160477000DC2E3 /* DetailControllerBuilder.swift */ = {isa = PBXFileReference; lastKnownFileType = sourcecode.swift; path = DetailControllerBuilder.swift; sourceTree = "<group>"; };
/* End PBXFileReference section */

/* Begin PBXFrameworksBuildPhase section */
		C80BC8CF280F555F005A0BCA /* Frameworks */ = {
			isa = PBXFrameworksBuildPhase;
			buildActionMask = 2147483647;
			files = (
			);
			runOnlyForDeploymentPostprocessing = 0;
		};
		C80BC8E5280F5563005A0BCA /* Frameworks */ = {
			isa = PBXFrameworksBuildPhase;
			buildActionMask = 2147483647;
			files = (
			);
			runOnlyForDeploymentPostprocessing = 0;
		};
		C80BC8EF280F5563005A0BCA /* Frameworks */ = {
			isa = PBXFrameworksBuildPhase;
			buildActionMask = 2147483647;
			files = (
			);
			runOnlyForDeploymentPostprocessing = 0;
		};
/* End PBXFrameworksBuildPhase section */

/* Begin PBXGroup section */
		C80BC8C9280F555F005A0BCA = {
			isa = PBXGroup;
			children = (
				C80BC8D4280F555F005A0BCA /* Movies */,
				C80BC8EB280F5563005A0BCA /* MoviesTests */,
				C80BC8F5280F5563005A0BCA /* MoviesUITests */,
				C80BC8D3280F555F005A0BCA /* Products */,
			);
			sourceTree = "<group>";
		};
		C80BC8D3280F555F005A0BCA /* Products */ = {
			isa = PBXGroup;
			children = (
				C80BC8D2280F555F005A0BCA /* Movies.app */,
				C80BC8E8280F5563005A0BCA /* MoviesTests.xctest */,
				C80BC8F2280F5563005A0BCA /* MoviesUITests.xctest */,
			);
			name = Products;
			sourceTree = "<group>";
		};
		C80BC8D4280F555F005A0BCA /* Movies */ = {
			isa = PBXGroup;
			children = (
				C8DC27402815E2E0000DC2E3 /* Routing */,
				C80BC97E281564AA005A0BCA /* Extensions */,
				C80BC93F28112D4B005A0BCA /* ConfigurationLayer */,
				C80BC919280F65E5005A0BCA /* NetworkLayer */,
				C80BC914280F651E005A0BCA /* ServiceLayer */,
				C80BC90F280F5BFB005A0BCA /* ViewModel */,
				C80BC90C280F5AB7005A0BCA /* Protocols */,
				C80BC907280F56AC005A0BCA /* UILayer */,
				C80BC909280F59AA005A0BCA /* BuildLayer */,
				C80BC908280F56E1005A0BCA /* Recourse */,
				C80BC8D5280F555F005A0BCA /* AppDelegate.swift */,
				C80BC8D7280F555F005A0BCA /* SceneDelegate.swift */,
				C80BC8E3280F5563005A0BCA /* Info.plist */,
			);
			path = Movies;
			sourceTree = "<group>";
		};
		C80BC8EB280F5563005A0BCA /* MoviesTests */ = {
			isa = PBXGroup;
			children = (
				C83AD50A281F1C79004C22CA /* movies.list6.txt */,
				C83AD508281F0CC6004C22CA /* movies.list5.txt */,
				C83AD503281EFA60004C22CA /* favorites.txt */,
				C83AD504281EFA60004C22CA /* movies.list1.txt */,
				C80BC8EC280F5563005A0BCA /* FetchServiceTests.swift */,
				C80BC924280FDA1C005A0BCA /* MockURLSession.swift */,
				C83AD50C281F1F23004C22CA /* MoviesViewModelTests.swift */,
				C83AD50E281F278C004C22CA /* MoviesCollectionViewModelTests.swift */,
			);
			path = MoviesTests;
			sourceTree = "<group>";
		};
		C80BC8F5280F5563005A0BCA /* MoviesUITests */ = {
			isa = PBXGroup;
			children = (
				C80BC8F6280F5563005A0BCA /* MoviesUITests.swift */,
				C80BC8F8280F5563005A0BCA /* MoviesUITestsLaunchTests.swift */,
			);
			path = MoviesUITests;
			sourceTree = "<group>";
		};
		C80BC907280F56AC005A0BCA /* UILayer */ = {
			isa = PBXGroup;
			children = (
				C80BC91F280F6745005A0BCA /* CollectionView */,
				C80BC8D9280F555F005A0BCA /* MoviesViewController.swift */,
				C80BC905280F567C005A0BCA /* MovieDetailViewContoller.swift */,
				C8DC27432815E89A000DC2E3 /* NextButton.swift */,
			);
			path = UILayer;
			sourceTree = "<group>";
		};
		C80BC908280F56E1005A0BCA /* Recourse */ = {
			isa = PBXGroup;
			children = (
				C80BC8DE280F5563005A0BCA /* Assets.xcassets */,
				C80BC8E0280F5563005A0BCA /* LaunchScreen.storyboard */,
			);
			path = Recourse;
			sourceTree = "<group>";
		};
		C80BC909280F59AA005A0BCA /* BuildLayer */ = {
			isa = PBXGroup;
			children = (
				C80BC90A280F5A71005A0BCA /* MoviesViewControllerBuilder.swift */,
				C8DC274728160477000DC2E3 /* DetailControllerBuilder.swift */,
			);
			path = BuildLayer;
			sourceTree = "<group>";
		};
		C80BC90C280F5AB7005A0BCA /* Protocols */ = {
			isa = PBXGroup;
			children = (
				C80BC90D280F5B56005A0BCA /* Building.swift */,
				C80BC912280F638F005A0BCA /* MoviesViewModellable.swift */,
				C80BC926280FE0C6005A0BCA /* URLSessionProtocol.swift */,
				C80BC92A28109367005A0BCA /* Service.swift */,
				C80BC94228112FD1005A0BCA /* Result.swift */,
				C80BC98128156749005A0BCA /* MoviesCollactionModellable.swift */,
				C80BC9832815730A005A0BCA /* ReusableIdentifer.swift */,
				C8DC273E2815E2C0000DC2E3 /* Router.swift */,
				C8DC27452815F90E000DC2E3 /* MoviesCollectionDelegate.swift */,
				C83AD4F6281D9A87004C22CA /* MoviesModelUpdatable.swift */,
				C83AD4F8281DDFF6004C22CA /* ContentMovie.swift */,
			);
			path = Protocols;
			sourceTree = "<group>";
		};
		C80BC90F280F5BFB005A0BCA /* ViewModel */ = {
			isa = PBXGroup;
			children = (
				C80BC910280F5C2D005A0BCA /* MoviesViewModel.swift */,
				C80BC9302810BA10005A0BCA /* MovieViewModel.swift */,
				C80BC97C28154A6D005A0BCA /* MoviesCollectionViewModel.swift */,
			);
			path = ViewModel;
			sourceTree = "<group>";
		};
		C80BC914280F651E005A0BCA /* ServiceLayer */ = {
			isa = PBXGroup;
			children = (
				C80BC915280F65AA005A0BCA /* FetchService.swift */,
				C80BC92C28109AB4005A0BCA /* MapperService.swift */,
			);
			path = ServiceLayer;
			sourceTree = "<group>";
		};
		C80BC919280F65E5005A0BCA /* NetworkLayer */ = {
			isa = PBXGroup;
			children = (
				C80BC91E280F6727005A0BCA /* Decodable */,
				C80BC91C280F66BA005A0BCA /* NetworkSession.swift */,
			);
			path = NetworkLayer;
			sourceTree = "<group>";
		};
		C80BC91E280F6727005A0BCA /* Decodable */ = {
			isa = PBXGroup;
			children = (
				C80BC92E28109DCC005A0BCA /* MovieItem.swift */,
				C80BC939281128B0005A0BCA /* FavoriteItem.swift */,
			);
			path = Decodable;
			sourceTree = "<group>";
		};
		C80BC91F280F6745005A0BCA /* CollectionView */ = {
			isa = PBXGroup;
			children = (
				C8DC273728158C89000DC2E3 /* Title */,
				C8DC273628157FF9000DC2E3 /* Cell */,
				C80BC920280F6798005A0BCA /* MoviesCollectionViewController.swift */,
			);
			path = CollectionView;
			sourceTree = "<group>";
		};
		C80BC93F28112D4B005A0BCA /* ConfigurationLayer */ = {
			isa = PBXGroup;
			children = (
				C80BC94028112D64005A0BCA /* SettingManager.swift */,
				C80BC93D28112B3D005A0BCA /* MoviesAPI.swift */,
			);
			path = ConfigurationLayer;
			sourceTree = "<group>";
		};
		C80BC97E281564AA005A0BCA /* Extensions */ = {
			isa = PBXGroup;
			children = (
				C80BC97F281564D0005A0BCA /* Sequence+Extension.swift */,
				C8DC273228157E5E000DC2E3 /* UICollectionViewCell+Extension.swift */,
				C8DC273428157F7E000DC2E3 /* UICollectionView+Extension.swift */,
			);
			path = Extensions;
			sourceTree = "<group>";
		};
		C8DC273628157FF9000DC2E3 /* Cell */ = {
			isa = PBXGroup;
			children = (
				C80BC97A28154A23005A0BCA /* MovieCollectionViewCell.swift */,
				C8DC273C2815C836000DC2E3 /* PosterInageView.swift */,
			);
			path = Cell;
			sourceTree = "<group>";
		};
		C8DC273728158C89000DC2E3 /* Title */ = {
			isa = PBXGroup;
			children = (
				C8DC273828158CC9000DC2E3 /* TitleSupplementaryView.swift */,
			);
			path = Title;
			sourceTree = "<group>";
		};
		C8DC27402815E2E0000DC2E3 /* Routing */ = {
			isa = PBXGroup;
			children = (
				C8DC27412815E303000DC2E3 /* MoviesCollectionRouter.swift */,
			);
			path = Routing;
			sourceTree = "<group>";
		};
/* End PBXGroup section */

/* Begin PBXNativeTarget section */
		C80BC8D1280F555F005A0BCA /* Movies */ = {
			isa = PBXNativeTarget;
			buildConfigurationList = C80BC8FC280F5564005A0BCA /* Build configuration list for PBXNativeTarget "Movies" */;
			buildPhases = (
				C80BC8CE280F555F005A0BCA /* Sources */,
				C80BC8CF280F555F005A0BCA /* Frameworks */,
				C80BC8D0280F555F005A0BCA /* Resources */,
			);
			buildRules = (
			);
			dependencies = (
			);
			name = Movies;
			productName = Movies;
			productReference = C80BC8D2280F555F005A0BCA /* Movies.app */;
			productType = "com.apple.product-type.application";
		};
		C80BC8E7280F5563005A0BCA /* MoviesTests */ = {
			isa = PBXNativeTarget;
			buildConfigurationList = C80BC8FF280F5564005A0BCA /* Build configuration list for PBXNativeTarget "MoviesTests" */;
			buildPhases = (
				C80BC8E4280F5563005A0BCA /* Sources */,
				C80BC8E5280F5563005A0BCA /* Frameworks */,
				C80BC8E6280F5563005A0BCA /* Resources */,
			);
			buildRules = (
			);
			dependencies = (
				C80BC8EA280F5563005A0BCA /* PBXTargetDependency */,
			);
			name = MoviesTests;
			productName = MoviesTests;
			productReference = C80BC8E8280F5563005A0BCA /* MoviesTests.xctest */;
			productType = "com.apple.product-type.bundle.unit-test";
		};
		C80BC8F1280F5563005A0BCA /* MoviesUITests */ = {
			isa = PBXNativeTarget;
			buildConfigurationList = C80BC902280F5564005A0BCA /* Build configuration list for PBXNativeTarget "MoviesUITests" */;
			buildPhases = (
				C80BC8EE280F5563005A0BCA /* Sources */,
				C80BC8EF280F5563005A0BCA /* Frameworks */,
				C80BC8F0280F5563005A0BCA /* Resources */,
			);
			buildRules = (
			);
			dependencies = (
				C80BC8F4280F5563005A0BCA /* PBXTargetDependency */,
			);
			name = MoviesUITests;
			productName = MoviesUITests;
			productReference = C80BC8F2280F5563005A0BCA /* MoviesUITests.xctest */;
			productType = "com.apple.product-type.bundle.ui-testing";
		};
/* End PBXNativeTarget section */

/* Begin PBXProject section */
		C80BC8CA280F555F005A0BCA /* Project object */ = {
			isa = PBXProject;
			attributes = {
				BuildIndependentTargetsInParallel = 1;
				LastSwiftUpdateCheck = 1320;
				LastUpgradeCheck = 1320;
				TargetAttributes = {
					C80BC8D1280F555F005A0BCA = {
						CreatedOnToolsVersion = 13.2.1;
					};
					C80BC8E7280F5563005A0BCA = {
						CreatedOnToolsVersion = 13.2.1;
						TestTargetID = C80BC8D1280F555F005A0BCA;
					};
					C80BC8F1280F5563005A0BCA = {
						CreatedOnToolsVersion = 13.2.1;
						TestTargetID = C80BC8D1280F555F005A0BCA;
					};
				};
			};
			buildConfigurationList = C80BC8CD280F555F005A0BCA /* Build configuration list for PBXProject "Movies" */;
			compatibilityVersion = "Xcode 13.0";
			developmentRegion = en;
			hasScannedForEncodings = 0;
			knownRegions = (
				en,
				Base,
			);
			mainGroup = C80BC8C9280F555F005A0BCA;
			productRefGroup = C80BC8D3280F555F005A0BCA /* Products */;
			projectDirPath = "";
			projectRoot = "";
			targets = (
				C80BC8D1280F555F005A0BCA /* Movies */,
				C80BC8E7280F5563005A0BCA /* MoviesTests */,
				C80BC8F1280F5563005A0BCA /* MoviesUITests */,
			);
		};
/* End PBXProject section */

/* Begin PBXResourcesBuildPhase section */
		C80BC8D0280F555F005A0BCA /* Resources */ = {
			isa = PBXResourcesBuildPhase;
			buildActionMask = 2147483647;
			files = (
				C80BC8E2280F5563005A0BCA /* LaunchScreen.storyboard in Resources */,
				C80BC8DF280F5563005A0BCA /* Assets.xcassets in Resources */,
			);
			runOnlyForDeploymentPostprocessing = 0;
		};
		C80BC8E6280F5563005A0BCA /* Resources */ = {
			isa = PBXResourcesBuildPhase;
			buildActionMask = 2147483647;
			files = (
				C83AD509281F0CC6004C22CA /* movies.list5.txt in Resources */,
				C83AD50B281F1C79004C22CA /* movies.list6.txt in Resources */,
				C83AD506281EFA60004C22CA /* movies.list1.txt in Resources */,
				C83AD505281EFA60004C22CA /* favorites.txt in Resources */,
			);
			runOnlyForDeploymentPostprocessing = 0;
		};
		C80BC8F0280F5563005A0BCA /* Resources */ = {
			isa = PBXResourcesBuildPhase;
			buildActionMask = 2147483647;
			files = (
			);
			runOnlyForDeploymentPostprocessing = 0;
		};
/* End PBXResourcesBuildPhase section */

/* Begin PBXSourcesBuildPhase section */
		C80BC8CE280F555F005A0BCA /* Sources */ = {
			isa = PBXSourcesBuildPhase;
			buildActionMask = 2147483647;
			files = (
				C80BC8DA280F555F005A0BCA /* MoviesViewController.swift in Sources */,
				C80BC98228156749005A0BCA /* MoviesCollactionModellable.swift in Sources */,
				C80BC93A281128B0005A0BCA /* FavoriteItem.swift in Sources */,
				C80BC97D28154A6D005A0BCA /* MoviesCollectionViewModel.swift in Sources */,
				C80BC90E280F5B56005A0BCA /* Building.swift in Sources */,
				C80BC92F28109DCC005A0BCA /* MovieItem.swift in Sources */,
				C80BC906280F567C005A0BCA /* MovieDetailViewContoller.swift in Sources */,
				C8DC273F2815E2C0000DC2E3 /* Router.swift in Sources */,
				C80BC94328112FD1005A0BCA /* Result.swift in Sources */,
				C80BC921280F6798005A0BCA /* MoviesCollectionViewController.swift in Sources */,
				C83AD4F7281D9A87004C22CA /* MoviesModelUpdatable.swift in Sources */,
				C80BC90B280F5A71005A0BCA /* MoviesViewControllerBuilder.swift in Sources */,
				C80BC9842815730A005A0BCA /* ReusableIdentifer.swift in Sources */,
				C80BC913280F638F005A0BCA /* MoviesViewModellable.swift in Sources */,
				C80BC980281564D0005A0BCA /* Sequence+Extension.swift in Sources */,
				C83AD4F9281DDFF6004C22CA /* ContentMovie.swift in Sources */,
				C8DC273928158CC9000DC2E3 /* TitleSupplementaryView.swift in Sources */,
				C8DC27462815F90E000DC2E3 /* MoviesCollectionDelegate.swift in Sources */,
				C80BC911280F5C2D005A0BCA /* MoviesViewModel.swift in Sources */,
				C8DC273328157E5E000DC2E3 /* UICollectionViewCell+Extension.swift in Sources */,
				C80BC92B28109367005A0BCA /* Service.swift in Sources */,
				C8DC27422815E303000DC2E3 /* MoviesCollectionRouter.swift in Sources */,
				C80BC8D6280F555F005A0BCA /* AppDelegate.swift in Sources */,
				C8DC273528157F7E000DC2E3 /* UICollectionView+Extension.swift in Sources */,
				C8DC27442815E89A000DC2E3 /* NextButton.swift in Sources */,
				C80BC91D280F66BA005A0BCA /* NetworkSession.swift in Sources */,
				C80BC916280F65AA005A0BCA /* FetchService.swift in Sources */,
				C8DC274828160477000DC2E3 /* DetailControllerBuilder.swift in Sources */,
				C80BC92D28109AB4005A0BCA /* MapperService.swift in Sources */,
				C8DC273D2815C836000DC2E3 /* PosterInageView.swift in Sources */,
				C80BC97B28154A23005A0BCA /* MovieCollectionViewCell.swift in Sources */,
				C80BC8D8280F555F005A0BCA /* SceneDelegate.swift in Sources */,
				C83AD4FB281ED8F4004C22CA /* URLSessionProtocol.swift in Sources */,
				C80BC94128112D64005A0BCA /* SettingManager.swift in Sources */,
				C80BC9312810BA10005A0BCA /* MovieViewModel.swift in Sources */,
				C80BC93E28112B3D005A0BCA /* MoviesAPI.swift in Sources */,
			);
			runOnlyForDeploymentPostprocessing = 0;
		};
		C80BC8E4280F5563005A0BCA /* Sources */ = {
			isa = PBXSourcesBuildPhase;
			buildActionMask = 2147483647;
			files = (
				C83AD4FC281EDA04004C22CA /* MockURLSession.swift in Sources */,
				C83AD50F281F278C004C22CA /* MoviesCollectionViewModelTests.swift in Sources */,
				C83AD50D281F1F23004C22CA /* MoviesViewModelTests.swift in Sources */,
				C80BC8ED280F5563005A0BCA /* FetchServiceTests.swift in Sources */,
			);
			runOnlyForDeploymentPostprocessing = 0;
		};
		C80BC8EE280F5563005A0BCA /* Sources */ = {
			isa = PBXSourcesBuildPhase;
			buildActionMask = 2147483647;
			files = (
				C80BC8F7280F5563005A0BCA /* MoviesUITests.swift in Sources */,
				C80BC8F9280F5563005A0BCA /* MoviesUITestsLaunchTests.swift in Sources */,
			);
			runOnlyForDeploymentPostprocessing = 0;
		};
/* End PBXSourcesBuildPhase section */

/* Begin PBXTargetDependency section */
		C80BC8EA280F5563005A0BCA /* PBXTargetDependency */ = {
			isa = PBXTargetDependency;
			target = C80BC8D1280F555F005A0BCA /* Movies */;
			targetProxy = C80BC8E9280F5563005A0BCA /* PBXContainerItemProxy */;
		};
		C80BC8F4280F5563005A0BCA /* PBXTargetDependency */ = {
			isa = PBXTargetDependency;
			target = C80BC8D1280F555F005A0BCA /* Movies */;
			targetProxy = C80BC8F3280F5563005A0BCA /* PBXContainerItemProxy */;
		};
/* End PBXTargetDependency section */

/* Begin PBXVariantGroup section */
		C80BC8E0280F5563005A0BCA /* LaunchScreen.storyboard */ = {
			isa = PBXVariantGroup;
			children = (
				C80BC8E1280F5563005A0BCA /* Base */,
			);
			name = LaunchScreen.storyboard;
			sourceTree = "<group>";
		};
/* End PBXVariantGroup section */

/* Begin XCBuildConfiguration section */
		C80BC8FA280F5563005A0BCA /* Debug */ = {
			isa = XCBuildConfiguration;
			buildSettings = {
				ALWAYS_SEARCH_USER_PATHS = NO;
				CLANG_ANALYZER_NONNULL = YES;
				CLANG_ANALYZER_NUMBER_OBJECT_CONVERSION = YES_AGGRESSIVE;
				CLANG_CXX_LANGUAGE_STANDARD = "gnu++17";
				CLANG_CXX_LIBRARY = "libc++";
				CLANG_ENABLE_MODULES = YES;
				CLANG_ENABLE_OBJC_ARC = YES;
				CLANG_ENABLE_OBJC_WEAK = YES;
				CLANG_WARN_BLOCK_CAPTURE_AUTORELEASING = YES;
				CLANG_WARN_BOOL_CONVERSION = YES;
				CLANG_WARN_COMMA = YES;
				CLANG_WARN_CONSTANT_CONVERSION = YES;
				CLANG_WARN_DEPRECATED_OBJC_IMPLEMENTATIONS = YES;
				CLANG_WARN_DIRECT_OBJC_ISA_USAGE = YES_ERROR;
				CLANG_WARN_DOCUMENTATION_COMMENTS = YES;
				CLANG_WARN_EMPTY_BODY = YES;
				CLANG_WARN_ENUM_CONVERSION = YES;
				CLANG_WARN_INFINITE_RECURSION = YES;
				CLANG_WARN_INT_CONVERSION = YES;
				CLANG_WARN_NON_LITERAL_NULL_CONVERSION = YES;
				CLANG_WARN_OBJC_IMPLICIT_RETAIN_SELF = YES;
				CLANG_WARN_OBJC_LITERAL_CONVERSION = YES;
				CLANG_WARN_OBJC_ROOT_CLASS = YES_ERROR;
				CLANG_WARN_QUOTED_INCLUDE_IN_FRAMEWORK_HEADER = YES;
				CLANG_WARN_RANGE_LOOP_ANALYSIS = YES;
				CLANG_WARN_STRICT_PROTOTYPES = YES;
				CLANG_WARN_SUSPICIOUS_MOVE = YES;
				CLANG_WARN_UNGUARDED_AVAILABILITY = YES_AGGRESSIVE;
				CLANG_WARN_UNREACHABLE_CODE = YES;
				CLANG_WARN__DUPLICATE_METHOD_MATCH = YES;
				COPY_PHASE_STRIP = NO;
				DEBUG_INFORMATION_FORMAT = dwarf;
				ENABLE_STRICT_OBJC_MSGSEND = YES;
				ENABLE_TESTABILITY = YES;
				GCC_C_LANGUAGE_STANDARD = gnu11;
				GCC_DYNAMIC_NO_PIC = NO;
				GCC_NO_COMMON_BLOCKS = YES;
				GCC_OPTIMIZATION_LEVEL = 0;
				GCC_PREPROCESSOR_DEFINITIONS = (
					"DEBUG=1",
					"$(inherited)",
				);
				GCC_WARN_64_TO_32_BIT_CONVERSION = YES;
				GCC_WARN_ABOUT_RETURN_TYPE = YES_ERROR;
				GCC_WARN_UNDECLARED_SELECTOR = YES;
				GCC_WARN_UNINITIALIZED_AUTOS = YES_AGGRESSIVE;
				GCC_WARN_UNUSED_FUNCTION = YES;
				GCC_WARN_UNUSED_VARIABLE = YES;
				IPHONEOS_DEPLOYMENT_TARGET = 15.2;
				MTL_ENABLE_DEBUG_INFO = INCLUDE_SOURCE;
				MTL_FAST_MATH = YES;
				ONLY_ACTIVE_ARCH = YES;
				SDKROOT = iphoneos;
				SWIFT_ACTIVE_COMPILATION_CONDITIONS = DEBUG;
				SWIFT_OPTIMIZATION_LEVEL = "-Onone";
			};
			name = Debug;
		};
		C80BC8FB280F5564005A0BCA /* Release */ = {
			isa = XCBuildConfiguration;
			buildSettings = {
				ALWAYS_SEARCH_USER_PATHS = NO;
				CLANG_ANALYZER_NONNULL = YES;
				CLANG_ANALYZER_NUMBER_OBJECT_CONVERSION = YES_AGGRESSIVE;
				CLANG_CXX_LANGUAGE_STANDARD = "gnu++17";
				CLANG_CXX_LIBRARY = "libc++";
				CLANG_ENABLE_MODULES = YES;
				CLANG_ENABLE_OBJC_ARC = YES;
				CLANG_ENABLE_OBJC_WEAK = YES;
				CLANG_WARN_BLOCK_CAPTURE_AUTORELEASING = YES;
				CLANG_WARN_BOOL_CONVERSION = YES;
				CLANG_WARN_COMMA = YES;
				CLANG_WARN_CONSTANT_CONVERSION = YES;
				CLANG_WARN_DEPRECATED_OBJC_IMPLEMENTATIONS = YES;
				CLANG_WARN_DIRECT_OBJC_ISA_USAGE = YES_ERROR;
				CLANG_WARN_DOCUMENTATION_COMMENTS = YES;
				CLANG_WARN_EMPTY_BODY = YES;
				CLANG_WARN_ENUM_CONVERSION = YES;
				CLANG_WARN_INFINITE_RECURSION = YES;
				CLANG_WARN_INT_CONVERSION = YES;
				CLANG_WARN_NON_LITERAL_NULL_CONVERSION = YES;
				CLANG_WARN_OBJC_IMPLICIT_RETAIN_SELF = YES;
				CLANG_WARN_OBJC_LITERAL_CONVERSION = YES;
				CLANG_WARN_OBJC_ROOT_CLASS = YES_ERROR;
				CLANG_WARN_QUOTED_INCLUDE_IN_FRAMEWORK_HEADER = YES;
				CLANG_WARN_RANGE_LOOP_ANALYSIS = YES;
				CLANG_WARN_STRICT_PROTOTYPES = YES;
				CLANG_WARN_SUSPICIOUS_MOVE = YES;
				CLANG_WARN_UNGUARDED_AVAILABILITY = YES_AGGRESSIVE;
				CLANG_WARN_UNREACHABLE_CODE = YES;
				CLANG_WARN__DUPLICATE_METHOD_MATCH = YES;
				COPY_PHASE_STRIP = NO;
				DEBUG_INFORMATION_FORMAT = "dwarf-with-dsym";
				ENABLE_NS_ASSERTIONS = NO;
				ENABLE_STRICT_OBJC_MSGSEND = YES;
				GCC_C_LANGUAGE_STANDARD = gnu11;
				GCC_NO_COMMON_BLOCKS = YES;
				GCC_WARN_64_TO_32_BIT_CONVERSION = YES;
				GCC_WARN_ABOUT_RETURN_TYPE = YES_ERROR;
				GCC_WARN_UNDECLARED_SELECTOR = YES;
				GCC_WARN_UNINITIALIZED_AUTOS = YES_AGGRESSIVE;
				GCC_WARN_UNUSED_FUNCTION = YES;
				GCC_WARN_UNUSED_VARIABLE = YES;
				IPHONEOS_DEPLOYMENT_TARGET = 15.2;
				MTL_ENABLE_DEBUG_INFO = NO;
				MTL_FAST_MATH = YES;
				SDKROOT = iphoneos;
				SWIFT_COMPILATION_MODE = wholemodule;
				SWIFT_OPTIMIZATION_LEVEL = "-O";
				VALIDATE_PRODUCT = YES;
			};
			name = Release;
		};
		C80BC8FD280F5564005A0BCA /* Debug */ = {
			isa = XCBuildConfiguration;
			buildSettings = {
				ASSETCATALOG_COMPILER_APPICON_NAME = AppIcon;
				ASSETCATALOG_COMPILER_GLOBAL_ACCENT_COLOR_NAME = AccentColor;
				CODE_SIGN_STYLE = Automatic;
				CURRENT_PROJECT_VERSION = 1;
				DEVELOPMENT_TEAM = 9D83MC32AG;
				GENERATE_INFOPLIST_FILE = YES;
				INFOPLIST_FILE = Movies/Info.plist;
				INFOPLIST_KEY_UIApplicationSupportsIndirectInputEvents = YES;
				INFOPLIST_KEY_UILaunchStoryboardName = LaunchScreen;
				INFOPLIST_KEY_UISupportedInterfaceOrientations_iPad = "UIInterfaceOrientationPortrait UIInterfaceOrientationPortraitUpsideDown UIInterfaceOrientationLandscapeLeft UIInterfaceOrientationLandscapeRight";
				INFOPLIST_KEY_UISupportedInterfaceOrientations_iPhone = "UIInterfaceOrientationPortrait UIInterfaceOrientationLandscapeLeft UIInterfaceOrientationLandscapeRight";
				LD_RUNPATH_SEARCH_PATHS = (
					"$(inherited)",
					"@executable_path/Frameworks",
				);
				MARKETING_VERSION = 1.0;
				PRODUCT_BUNDLE_IDENTIFIER = com.alex.bg.Movies;
				PRODUCT_NAME = "$(TARGET_NAME)";
				SWIFT_EMIT_LOC_STRINGS = YES;
				SWIFT_VERSION = 5.0;
				TARGETED_DEVICE_FAMILY = "1,2";
			};
			name = Debug;
		};
		C80BC8FE280F5564005A0BCA /* Release */ = {
			isa = XCBuildConfiguration;
			buildSettings = {
				ASSETCATALOG_COMPILER_APPICON_NAME = AppIcon;
				ASSETCATALOG_COMPILER_GLOBAL_ACCENT_COLOR_NAME = AccentColor;
				CODE_SIGN_STYLE = Automatic;
				CURRENT_PROJECT_VERSION = 1;
				DEVELOPMENT_TEAM = 9D83MC32AG;
				GENERATE_INFOPLIST_FILE = YES;
				INFOPLIST_FILE = Movies/Info.plist;
				INFOPLIST_KEY_UIApplicationSupportsIndirectInputEvents = YES;
				INFOPLIST_KEY_UILaunchStoryboardName = LaunchScreen;
				INFOPLIST_KEY_UISupportedInterfaceOrientations_iPad = "UIInterfaceOrientationPortrait UIInterfaceOrientationPortraitUpsideDown UIInterfaceOrientationLandscapeLeft UIInterfaceOrientationLandscapeRight";
				INFOPLIST_KEY_UISupportedInterfaceOrientations_iPhone = "UIInterfaceOrientationPortrait UIInterfaceOrientationLandscapeLeft UIInterfaceOrientationLandscapeRight";
				LD_RUNPATH_SEARCH_PATHS = (
					"$(inherited)",
					"@executable_path/Frameworks",
				);
				MARKETING_VERSION = 1.0;
				PRODUCT_BUNDLE_IDENTIFIER = com.alex.bg.Movies;
				PRODUCT_NAME = "$(TARGET_NAME)";
				SWIFT_EMIT_LOC_STRINGS = YES;
				SWIFT_VERSION = 5.0;
				TARGETED_DEVICE_FAMILY = "1,2";
			};
			name = Release;
		};
		C80BC900280F5564005A0BCA /* Debug */ = {
			isa = XCBuildConfiguration;
			buildSettings = {
				ALWAYS_EMBED_SWIFT_STANDARD_LIBRARIES = YES;
				BUNDLE_LOADER = "$(TEST_HOST)";
				CODE_SIGN_STYLE = Automatic;
				CURRENT_PROJECT_VERSION = 1;
				DEVELOPMENT_TEAM = 9D83MC32AG;
				GENERATE_INFOPLIST_FILE = YES;
				IPHONEOS_DEPLOYMENT_TARGET = 15.2;
				MARKETING_VERSION = 1.0;
				PRODUCT_BUNDLE_IDENTIFIER = com.alex.bg.MoviesTests;
				PRODUCT_NAME = "$(TARGET_NAME)";
				SWIFT_EMIT_LOC_STRINGS = NO;
				SWIFT_VERSION = 5.0;
				TARGETED_DEVICE_FAMILY = "1,2";
				TEST_HOST = "$(BUILT_PRODUCTS_DIR)/Movies.app/Movies";
			};
			name = Debug;
		};
		C80BC901280F5564005A0BCA /* Release */ = {
			isa = XCBuildConfiguration;
			buildSettings = {
				ALWAYS_EMBED_SWIFT_STANDARD_LIBRARIES = YES;
				BUNDLE_LOADER = "$(TEST_HOST)";
				CODE_SIGN_STYLE = Automatic;
				CURRENT_PROJECT_VERSION = 1;
				DEVELOPMENT_TEAM = 9D83MC32AG;
				GENERATE_INFOPLIST_FILE = YES;
				IPHONEOS_DEPLOYMENT_TARGET = 15.2;
				MARKETING_VERSION = 1.0;
				PRODUCT_BUNDLE_IDENTIFIER = com.alex.bg.MoviesTests;
				PRODUCT_NAME = "$(TARGET_NAME)";
				SWIFT_EMIT_LOC_STRINGS = NO;
				SWIFT_VERSION = 5.0;
				TARGETED_DEVICE_FAMILY = "1,2";
				TEST_HOST = "$(BUILT_PRODUCTS_DIR)/Movies.app/Movies";
			};
			name = Release;
		};
		C80BC903280F5564005A0BCA /* Debug */ = {
			isa = XCBuildConfiguration;
			buildSettings = {
				ALWAYS_EMBED_SWIFT_STANDARD_LIBRARIES = YES;
				CODE_SIGN_STYLE = Automatic;
				CURRENT_PROJECT_VERSION = 1;
				DEVELOPMENT_TEAM = 9D83MC32AG;
				GENERATE_INFOPLIST_FILE = YES;
				MARKETING_VERSION = 1.0;
				PRODUCT_BUNDLE_IDENTIFIER = com.alex.bg.MoviesUITests;
				PRODUCT_NAME = "$(TARGET_NAME)";
				SWIFT_EMIT_LOC_STRINGS = NO;
				SWIFT_VERSION = 5.0;
				TARGETED_DEVICE_FAMILY = "1,2";
				TEST_TARGET_NAME = Movies;
			};
			name = Debug;
		};
		C80BC904280F5564005A0BCA /* Release */ = {
			isa = XCBuildConfiguration;
			buildSettings = {
				ALWAYS_EMBED_SWIFT_STANDARD_LIBRARIES = YES;
				CODE_SIGN_STYLE = Automatic;
				CURRENT_PROJECT_VERSION = 1;
				DEVELOPMENT_TEAM = 9D83MC32AG;
				GENERATE_INFOPLIST_FILE = YES;
				MARKETING_VERSION = 1.0;
				PRODUCT_BUNDLE_IDENTIFIER = com.alex.bg.MoviesUITests;
				PRODUCT_NAME = "$(TARGET_NAME)";
				SWIFT_EMIT_LOC_STRINGS = NO;
				SWIFT_VERSION = 5.0;
				TARGETED_DEVICE_FAMILY = "1,2";
				TEST_TARGET_NAME = Movies;
			};
			name = Release;
		};
/* End XCBuildConfiguration section */

/* Begin XCConfigurationList section */
		C80BC8CD280F555F005A0BCA /* Build configuration list for PBXProject "Movies" */ = {
			isa = XCConfigurationList;
			buildConfigurations = (
				C80BC8FA280F5563005A0BCA /* Debug */,
				C80BC8FB280F5564005A0BCA /* Release */,
			);
			defaultConfigurationIsVisible = 0;
			defaultConfigurationName = Release;
		};
		C80BC8FC280F5564005A0BCA /* Build configuration list for PBXNativeTarget "Movies" */ = {
			isa = XCConfigurationList;
			buildConfigurations = (
				C80BC8FD280F5564005A0BCA /* Debug */,
				C80BC8FE280F5564005A0BCA /* Release */,
			);
			defaultConfigurationIsVisible = 0;
			defaultConfigurationName = Release;
		};
		C80BC8FF280F5564005A0BCA /* Build configuration list for PBXNativeTarget "MoviesTests" */ = {
			isa = XCConfigurationList;
			buildConfigurations = (
				C80BC900280F5564005A0BCA /* Debug */,
				C80BC901280F5564005A0BCA /* Release */,
			);
			defaultConfigurationIsVisible = 0;
			defaultConfigurationName = Release;
		};
		C80BC902280F5564005A0BCA /* Build configuration list for PBXNativeTarget "MoviesUITests" */ = {
			isa = XCConfigurationList;
			buildConfigurations = (
				C80BC903280F5564005A0BCA /* Debug */,
				C80BC904280F5564005A0BCA /* Release */,
			);
			defaultConfigurationIsVisible = 0;
			defaultConfigurationName = Release;
		};
/* End XCConfigurationList section */
	};
	rootObject = C80BC8CA280F555F005A0BCA /* Project object */;
}
